
Microsoft Visual Studio Solution File, Format Version 12.00
# Visual Studio Version 17
VisualStudioVersion = 17.3.32922.545
MinimumVisualStudioVersion = 10.0.40219.1
Project("{9A19103F-16F7-4668-BE54-9A1E7A4F7556}") = "Agenda.API", "Agenda.API.csproj", "{6B70255D-110E-4B8D-8068-AECCF8287ED8}"
EndProject
Project("{2150E333-8FDC-42A3-9474-1A3956D46DE8}") = "buildingBlocks", "buildingBlocks", "{9F457401-2C63-4332-BD32-16D3810243F3}"
EndProject
Project("{2150E333-8FDC-42A3-9474-1A3956D46DE8}") = "services", "services", "{0918D179-0293-4954-B597-824E9156907E}"
EndProject
Project("{9A19103F-16F7-4668-BE54-9A1E7A4F7556}") = "Core", "..\..\core\Core\Core.csproj", "{6927340A-E532-4355-BF90-6CC8AF1913EC}"
EndProject
Project("{2150E333-8FDC-42A3-9474-1A3956D46DE8}") = "Agenda", "Agenda", "{713CFF22-2F0D-4EAB-9AAE-86B489CD1593}"
EndProject
Project("{2150E333-8FDC-42A3-9474-1A3956D46DE8}") = "Autenticacao", "Autenticacao", "{C2DEF999-51B7-4FEC-A9DE-97223042DD82}"
EndProject
Project("{9A19103F-16F7-4668-BE54-9A1E7A4F7556}") = "Autenticacao.API", "..\Autenticacao.API\Autenticacao.API.csproj", "{A0C839F4-AB51-4F19-87DB-97115B88AD45}"
EndProject
Project("{2150E333-8FDC-42A3-9474-1A3956D46DE8}") = "FichaAvaliacao", "FichaAvaliacao", "{44EA1D12-F80B-4A57-837B-260A0584561E}"
EndProject
Project("{9A19103F-16F7-4668-BE54-9A1E7A4F7556}") = "FichaAvaliacao.API", "..\FichaAvaliacao\FichaAvaliacao.API.csproj", "{34A1F862-9B4F-4223-82EA-7B6427DFD109}"
EndProject
Project("{2150E333-8FDC-42A3-9474-1A3956D46DE8}") = "Geral", "Geral", "{71AE7486-4E70-4B80-899B-88BC1671F3AA}"
EndProject
Project("{FAE04EC0-301F-11D3-BF4B-00C04F79EFBC}") = "Geral.API", "..\Geral.API\Geral.API.csproj", "{1D960411-6AD0-4643-9649-171D61421E05}"
EndProject
Global
	GlobalSection(SolutionConfigurationPlatforms) = preSolution
		Debug|Any CPU = Debug|Any CPU
		Release|Any CPU = Release|Any CPU
	EndGlobalSection
	GlobalSection(ProjectConfigurationPlatforms) = postSolution
		{6B70255D-110E-4B8D-8068-AECCF8287ED8}.Debug|Any CPU.ActiveCfg = Debug|Any CPU
		{6B70255D-110E-4B8D-8068-AECCF8287ED8}.Debug|Any CPU.Build.0 = Debug|Any CPU
		{6B70255D-110E-4B8D-8068-AECCF8287ED8}.Release|Any CPU.ActiveCfg = Release|Any CPU
		{6B70255D-110E-4B8D-8068-AECCF8287ED8}.Release|Any CPU.Build.0 = Release|Any CPU
		{6927340A-E532-4355-BF90-6CC8AF1913EC}.Debug|Any CPU.ActiveCfg = Debug|Any CPU
		{6927340A-E532-4355-BF90-6CC8AF1913EC}.Debug|Any CPU.Build.0 = Debug|Any CPU
		{6927340A-E532-4355-BF90-6CC8AF1913EC}.Release|Any CPU.ActiveCfg = Release|Any CPU
		{6927340A-E532-4355-BF90-6CC8AF1913EC}.Release|Any CPU.Build.0 = Release|Any CPU
		{A0C839F4-AB51-4F19-87DB-97115B88AD45}.Debug|Any CPU.ActiveCfg = Debug|Any CPU
		{A0C839F4-AB51-4F19-87DB-97115B88AD45}.Debug|Any CPU.Build.0 = Debug|Any CPU
		{A0C839F4-AB51-4F19-87DB-97115B88AD45}.Release|Any CPU.ActiveCfg = Release|Any CPU
		{A0C839F4-AB51-4F19-87DB-97115B88AD45}.Release|Any CPU.Build.0 = Release|Any CPU
		{34A1F862-9B4F-4223-82EA-7B6427DFD109}.Debug|Any CPU.ActiveCfg = Debug|Any CPU
		{34A1F862-9B4F-4223-82EA-7B6427DFD109}.Debug|Any CPU.Build.0 = Debug|Any CPU
		{34A1F862-9B4F-4223-82EA-7B6427DFD109}.Release|Any CPU.ActiveCfg = Release|Any CPU
		{34A1F862-9B4F-4223-82EA-7B6427DFD109}.Release|Any CPU.Build.0 = Release|Any CPU
		{1D960411-6AD0-4643-9649-171D61421E05}.Debug|Any CPU.ActiveCfg = Debug|Any CPU
		{1D960411-6AD0-4643-9649-171D61421E05}.Debug|Any CPU.Build.0 = Debug|Any CPU
		{1D960411-6AD0-4643-9649-171D61421E05}.Release|Any CPU.ActiveCfg = Release|Any CPU
		{1D960411-6AD0-4643-9649-171D61421E05}.Release|Any CPU.Build.0 = Release|Any CPU
	EndGlobalSection
	GlobalSection(SolutionProperties) = preSolution
		HideSolutionNode = FALSE
	EndGlobalSection
	GlobalSection(NestedProjects) = preSolution
		{6B70255D-110E-4B8D-8068-AECCF8287ED8} = {713CFF22-2F0D-4EAB-9AAE-86B489CD1593}
		{6927340A-E532-4355-BF90-6CC8AF1913EC} = {9F457401-2C63-4332-BD32-16D3810243F3}
		{713CFF22-2F0D-4EAB-9AAE-86B489CD1593} = {0918D179-0293-4954-B597-824E9156907E}
		{C2DEF999-51B7-4FEC-A9DE-97223042DD82} = {0918D179-0293-4954-B597-824E9156907E}
		{A0C839F4-AB51-4F19-87DB-97115B88AD45} = {C2DEF999-51B7-4FEC-A9DE-97223042DD82}
		{44EA1D12-F80B-4A57-837B-260A0584561E} = {0918D179-0293-4954-B597-824E9156907E}
		{34A1F862-9B4F-4223-82EA-7B6427DFD109} = {44EA1D12-F80B-4A57-837B-260A0584561E}
		{71AE7486-4E70-4B80-899B-88BC1671F3AA} = {0918D179-0293-4954-B597-824E9156907E}
		{1D960411-6AD0-4643-9649-171D61421E05} = {71AE7486-4E70-4B80-899B-88BC1671F3AA}
	EndGlobalSection
	GlobalSection(ExtensibilityGlobals) = postSolution
		SolutionGuid = {EF93361F-A322-402F-B0C0-580C4BAA287C}
	EndGlobalSection
EndGlobal
