
Microsoft Visual Studio Solution File, Format Version 12.00
# Visual Studio Version 17
VisualStudioVersion = 17.3.32922.545
MinimumVisualStudioVersion = 10.0.40219.1
Project("{9A19103F-16F7-4668-BE54-9A1E7A4F7556}") = "Agenda.API", "Agenda.API.csproj", "{6B70255D-110E-4B8D-8068-AECCF8287ED8}"
EndProject
Project("{2150E333-8FDC-42A3-9474-1A3956D46DE8}") = "buildingBlocks", "buildingBlocks", "{9F457401-2C63-4332-BD32-16D3810243F3}"
EndProject
Project("{2150E333-8FDC-42A3-9474-1A3956D46DE8}") = "services", "services", "{0918D179-0293-4954-B597-824E9156907E}"
EndProject
Project("{2150E333-8FDC-42A3-9474-1A3956D46DE8}") = "Agenda", "Agenda", "{713CFF22-2F0D-4EAB-9AAE-86B489CD1593}"
EndProject
Project("{9A19103F-16F7-4668-BE54-9A1E7A4F7556}") = "Core", "..\core\Core\Core.csproj", "{58B82769-2103-4A64-BF10-4C342925F980}"
EndProject
Global
	GlobalSection(SolutionConfigurationPlatforms) = preSolution
		Debug|Any CPU = Debug|Any CPU
		Release|Any CPU = Release|Any CPU
	EndGlobalSection
	GlobalSection(ProjectConfigurationPlatforms) = postSolution
		{6B70255D-110E-4B8D-8068-AECCF8287ED8}.Debug|Any CPU.ActiveCfg = Debug|Any CPU
		{6B70255D-110E-4B8D-8068-AECCF8287ED8}.Debug|Any CPU.Build.0 = Debug|Any CPU
		{6B70255D-110E-4B8D-8068-AECCF8287ED8}.Release|Any CPU.ActiveCfg = Release|Any CPU
		{6B70255D-110E-4B8D-8068-AECCF8287ED8}.Release|Any CPU.Build.0 = Release|Any CPU
		{58B82769-2103-4A64-BF10-4C342925F980}.Debug|Any CPU.ActiveCfg = Debug|Any CPU
		{58B82769-2103-4A64-BF10-4C342925F980}.Debug|Any CPU.Build.0 = Debug|Any CPU
		{58B82769-2103-4A64-BF10-4C342925F980}.Release|Any CPU.ActiveCfg = Release|Any CPU
		{58B82769-2103-4A64-BF10-4C342925F980}.Release|Any CPU.Build.0 = Release|Any CPU
	EndGlobalSection
	GlobalSection(SolutionProperties) = preSolution
		HideSolutionNode = FALSE
	EndGlobalSection
	GlobalSection(NestedProjects) = preSolution
		{6B70255D-110E-4B8D-8068-AECCF8287ED8} = {713CFF22-2F0D-4EAB-9AAE-86B489CD1593}
		{713CFF22-2F0D-4EAB-9AAE-86B489CD1593} = {0918D179-0293-4954-B597-824E9156907E}
		{58B82769-2103-4A64-BF10-4C342925F980} = {9F457401-2C63-4332-BD32-16D3810243F3}
	EndGlobalSection
	GlobalSection(ExtensibilityGlobals) = postSolution
		SolutionGuid = {EF93361F-A322-402F-B0C0-580C4BAA287C}
	EndGlobalSection
EndGlobal
